<?xml version="1.0" encoding="utf-8"?>
<Project ToolsVersion="4.0" xmlns="http://schemas.microsoft.com/developer/msbuild/2003">
  <ItemGroup>
    <Filter Include="Source Files">
      <UniqueIdentifier>{CC537780-C2D8-47B0-8A25-5800CEC6070D}</UniqueIdentifier>
      <Extensions>cpp;c;cc;cxx;def;odl;idl;hpj;bat;asm;asmx</Extensions>
    </Filter>
    <Filter Include="Header Files">
      <UniqueIdentifier>{5069E96E-C244-424A-869B-B7D50A87814E}</UniqueIdentifier>
      <Extensions>h;hpp;hxx;hm;inl;inc;xsd</Extensions>
    </Filter>
    <Filter Include="Resource Files">
      <UniqueIdentifier>{FB030C78-F770-4C01-A86C-83631C6BB199}</UniqueIdentifier>
      <Extensions>rc;ico;cur;bmp;dlg;rc2;rct;bin;rgs;gif;jpg;jpeg;jpe;resx;tiff;tif;png;wav</Extensions>
    </Filter>
  </ItemGroup>
  <ItemGroup>
    <ClCompile Include="confstr.c">
      <Filter>Source Files</Filter>
    </ClCompile>
    <ClCompile Include="mem.c">
      <Filter>Source Files</Filter>
    </ClCompile>
    <ClCompile Include="multistr.c">
      <Filter>Source Files</Filter>
    </ClCompile>
    <ClCompile Include="objattr.c">
      <Filter>Source Files</Filter>
    </ClCompile>
    <ClCompile Include="secdesc.c">
      <Filter>Source Files</Filter>
    </ClCompile>
    <ClCompile Include="xmittype.c">
      <Filter>Source Files</Filter>
    </ClCompile>
  </ItemGroup>
  <ItemGroup>
    <Midl Include="rpchelp.idl">
      <Filter>Source Files</Filter>
    </Midl>
  </ItemGroup>
</Project>